
Microsoft Visual Studio Solution File, Format Version 12.00
# Visual Studio Version 16
VisualStudioVersion = 16.0.29613.14
MinimumVisualStudioVersion = 10.0.40219.1
Project("{9A19103F-16F7-4668-BE54-9A1E7A4F7556}") = "OneConfig.Standard", "OneConfig.Standard\OneConfig.Standard.csproj", "{BB02C154-9C20-4D12-9C72-58EE107DFB44}"
EndProject
Global
	GlobalSection(SolutionConfigurationPlatforms) = preSolution
		Debug|Any CPU = Debug|Any CPU
		Release|Any CPU = Release|Any CPU
	EndGlobalSection
	GlobalSection(ProjectConfigurationPlatforms) = postSolution
		{BB02C154-9C20-4D12-9C72-58EE107DFB44}.Debug|Any CPU.ActiveCfg = Debug|Any CPU
		{BB02C154-9C20-4D12-9C72-58EE107DFB44}.Debug|Any CPU.Build.0 = Debug|Any CPU
		{BB02C154-9C20-4D12-9C72-58EE107DFB44}.Release|Any CPU.ActiveCfg = Release|Any CPU
		{BB02C154-9C20-4D12-9C72-58EE107DFB44}.Release|Any CPU.Build.0 = Release|Any CPU
	EndGlobalSection
	GlobalSection(SolutionProperties) = preSolution
		HideSolutionNode = FALSE
	EndGlobalSection
	GlobalSection(ExtensibilityGlobals) = postSolution
		SolutionGuid = {5FA84686-0BE5-42B6-85E1-F59BB4CF24B5}
	EndGlobalSection
EndGlobal
