
Microsoft Visual Studio Solution File, Format Version 12.00
# Visual Studio 15
VisualStudioVersion = 15.0.26403.3
MinimumVisualStudioVersion = 10.0.40219.1
Project("{FAE04EC0-301F-11D3-BF4B-00C04F79EFBC}") = "OneConfig", "OneConfig\OneConfig.csproj", "{1FCB8035-5FE0-445C-AC80-EB2CD85BA7CD}"
EndProject
Project("{FAE04EC0-301F-11D3-BF4B-00C04F79EFBC}") = "OneConfig.Tests", "OneConfig.Tests\OneConfig.Tests.csproj", "{47CE8232-E616-40DF-AB22-76847212B630}"
EndProject
Global
	GlobalSection(SolutionConfigurationPlatforms) = preSolution
		Debug|Any CPU = Debug|Any CPU
		Release|Any CPU = Release|Any CPU
	EndGlobalSection
	GlobalSection(ProjectConfigurationPlatforms) = postSolution
		{1FCB8035-5FE0-445C-AC80-EB2CD85BA7CD}.Debug|Any CPU.ActiveCfg = Debug|Any CPU
		{1FCB8035-5FE0-445C-AC80-EB2CD85BA7CD}.Debug|Any CPU.Build.0 = Debug|Any CPU
		{1FCB8035-5FE0-445C-AC80-EB2CD85BA7CD}.Release|Any CPU.ActiveCfg = Release|Any CPU
		{1FCB8035-5FE0-445C-AC80-EB2CD85BA7CD}.Release|Any CPU.Build.0 = Release|Any CPU
		{47CE8232-E616-40DF-AB22-76847212B630}.Debug|Any CPU.ActiveCfg = Debug|Any CPU
		{47CE8232-E616-40DF-AB22-76847212B630}.Debug|Any CPU.Build.0 = Debug|Any CPU
		{47CE8232-E616-40DF-AB22-76847212B630}.Release|Any CPU.ActiveCfg = Release|Any CPU
		{47CE8232-E616-40DF-AB22-76847212B630}.Release|Any CPU.Build.0 = Release|Any CPU
	EndGlobalSection
	GlobalSection(SolutionProperties) = preSolution
		HideSolutionNode = FALSE
	EndGlobalSection
EndGlobal
